
Microsoft Visual Studio Solution File, Format Version 12.00
# Visual Studio Version 16
VisualStudioVersion = 16.0.29613.14
MinimumVisualStudioVersion = 10.0.40219.1
Project("{FAE04EC0-301F-11D3-BF4B-00C04F79EFBC}") = "DemoExtension", "DemoExtension.csproj", "{AAFB6FDC-4264-483B-9407-C2F057EE9EB7}"
EndProject
Global
	GlobalSection(SolutionConfigurationPlatforms) = preSolution
		Debug|Any CPU = Debug|Any CPU
		Release|Any CPU = Release|Any CPU
	EndGlobalSection
	GlobalSection(ProjectConfigurationPlatforms) = postSolution
		{AAFB6FDC-4264-483B-9407-C2F057EE9EB7}.Debug|Any CPU.ActiveCfg = Debug|Any CPU
		{AAFB6FDC-4264-483B-9407-C2F057EE9EB7}.Debug|Any CPU.Build.0 = Debug|Any CPU
		{AAFB6FDC-4264-483B-9407-C2F057EE9EB7}.Release|Any CPU.ActiveCfg = Release|Any CPU
		{AAFB6FDC-4264-483B-9407-C2F057EE9EB7}.Release|Any CPU.Build.0 = Release|Any CPU
	EndGlobalSection
	GlobalSection(SolutionProperties) = preSolution
		HideSolutionNode = FALSE
	EndGlobalSection
	GlobalSection(ExtensibilityGlobals) = postSolution
		SolutionGuid = {F2F0801C-7567-42CD-AE66-6C2CFC049AFB}
	EndGlobalSection
EndGlobal
