
Microsoft Visual Studio Solution File, Format Version 12.00
# Visual Studio Version 16
VisualStudioVersion = 16.0.29613.14
MinimumVisualStudioVersion = 10.0.40219.1
Project("{FAE04EC0-301F-11D3-BF4B-00C04F79EFBC}") = "HandsOnConversions", "HandsOnConversions.csproj", "{5F707E51-C6E2-460F-8CD7-9E66947ACD7E}"
EndProject
Global
	GlobalSection(SolutionConfigurationPlatforms) = preSolution
		Debug|Any CPU = Debug|Any CPU
		Release|Any CPU = Release|Any CPU
	EndGlobalSection
	GlobalSection(ProjectConfigurationPlatforms) = postSolution
		{5F707E51-C6E2-460F-8CD7-9E66947ACD7E}.Debug|Any CPU.ActiveCfg = Debug|Any CPU
		{5F707E51-C6E2-460F-8CD7-9E66947ACD7E}.Debug|Any CPU.Build.0 = Debug|Any CPU
		{5F707E51-C6E2-460F-8CD7-9E66947ACD7E}.Release|Any CPU.ActiveCfg = Release|Any CPU
		{5F707E51-C6E2-460F-8CD7-9E66947ACD7E}.Release|Any CPU.Build.0 = Release|Any CPU
	EndGlobalSection
	GlobalSection(SolutionProperties) = preSolution
		HideSolutionNode = FALSE
	EndGlobalSection
	GlobalSection(ExtensibilityGlobals) = postSolution
		SolutionGuid = {0D8C35A9-B028-4B2E-B780-A113EB350965}
	EndGlobalSection
EndGlobal
