
Microsoft Visual Studio Solution File, Format Version 12.00
# Visual Studio Version 16
VisualStudioVersion = 16.0.29613.14
MinimumVisualStudioVersion = 10.0.40219.1
Project("{FAE04EC0-301F-11D3-BF4B-00C04F79EFBC}") = "DateTimeDemo", "DateTimeDemo.csproj", "{0661F963-E598-4F3D-9077-39793CEC2D08}"
EndProject
Global
	GlobalSection(SolutionConfigurationPlatforms) = preSolution
		Debug|Any CPU = Debug|Any CPU
		Release|Any CPU = Release|Any CPU
	EndGlobalSection
	GlobalSection(ProjectConfigurationPlatforms) = postSolution
		{0661F963-E598-4F3D-9077-39793CEC2D08}.Debug|Any CPU.ActiveCfg = Debug|Any CPU
		{0661F963-E598-4F3D-9077-39793CEC2D08}.Debug|Any CPU.Build.0 = Debug|Any CPU
		{0661F963-E598-4F3D-9077-39793CEC2D08}.Release|Any CPU.ActiveCfg = Release|Any CPU
		{0661F963-E598-4F3D-9077-39793CEC2D08}.Release|Any CPU.Build.0 = Release|Any CPU
	EndGlobalSection
	GlobalSection(SolutionProperties) = preSolution
		HideSolutionNode = FALSE
	EndGlobalSection
	GlobalSection(ExtensibilityGlobals) = postSolution
		SolutionGuid = {444AB462-FF15-454A-9771-624FAE455A77}
	EndGlobalSection
EndGlobal
