
Microsoft Visual Studio Solution File, Format Version 12.00
# Visual Studio Version 16
VisualStudioVersion = 16.0.29613.14
MinimumVisualStudioVersion = 10.0.40219.1
Project("{FAE04EC0-301F-11D3-BF4B-00C04F79EFBC}") = "DemoDelegate2", "DemoDelegate2.csproj", "{D03AFE7A-CB6A-4E07-BF09-65DAC8AFCEC1}"
EndProject
Global
	GlobalSection(SolutionConfigurationPlatforms) = preSolution
		Debug|Any CPU = Debug|Any CPU
		Release|Any CPU = Release|Any CPU
	EndGlobalSection
	GlobalSection(ProjectConfigurationPlatforms) = postSolution
		{D03AFE7A-CB6A-4E07-BF09-65DAC8AFCEC1}.Debug|Any CPU.ActiveCfg = Debug|Any CPU
		{D03AFE7A-CB6A-4E07-BF09-65DAC8AFCEC1}.Debug|Any CPU.Build.0 = Debug|Any CPU
		{D03AFE7A-CB6A-4E07-BF09-65DAC8AFCEC1}.Release|Any CPU.ActiveCfg = Release|Any CPU
		{D03AFE7A-CB6A-4E07-BF09-65DAC8AFCEC1}.Release|Any CPU.Build.0 = Release|Any CPU
	EndGlobalSection
	GlobalSection(SolutionProperties) = preSolution
		HideSolutionNode = FALSE
	EndGlobalSection
	GlobalSection(ExtensibilityGlobals) = postSolution
		SolutionGuid = {A21485D8-9341-4706-89EC-B99EEECA7958}
	EndGlobalSection
EndGlobal
