
Microsoft Visual Studio Solution File, Format Version 12.00
# Visual Studio Version 16
VisualStudioVersion = 16.0.29613.14
MinimumVisualStudioVersion = 10.0.40219.1
Project("{FAE04EC0-301F-11D3-BF4B-00C04F79EFBC}") = "HansOnOperators", "HansOnOperators.csproj", "{15FDC9A2-DB61-4F23-BDFF-CC4027F99D02}"
EndProject
Global
	GlobalSection(SolutionConfigurationPlatforms) = preSolution
		Debug|Any CPU = Debug|Any CPU
		Release|Any CPU = Release|Any CPU
	EndGlobalSection
	GlobalSection(ProjectConfigurationPlatforms) = postSolution
		{15FDC9A2-DB61-4F23-BDFF-CC4027F99D02}.Debug|Any CPU.ActiveCfg = Debug|Any CPU
		{15FDC9A2-DB61-4F23-BDFF-CC4027F99D02}.Debug|Any CPU.Build.0 = Debug|Any CPU
		{15FDC9A2-DB61-4F23-BDFF-CC4027F99D02}.Release|Any CPU.ActiveCfg = Release|Any CPU
		{15FDC9A2-DB61-4F23-BDFF-CC4027F99D02}.Release|Any CPU.Build.0 = Release|Any CPU
	EndGlobalSection
	GlobalSection(SolutionProperties) = preSolution
		HideSolutionNode = FALSE
	EndGlobalSection
	GlobalSection(ExtensibilityGlobals) = postSolution
		SolutionGuid = {0000819A-AFAB-4C5B-B7E5-4225B7E739FE}
	EndGlobalSection
EndGlobal
