
Microsoft Visual Studio Solution File, Format Version 12.00
# Visual Studio Version 16
VisualStudioVersion = 16.0.29613.14
MinimumVisualStudioVersion = 10.0.40219.1
Project("{FAE04EC0-301F-11D3-BF4B-00C04F79EFBC}") = "DemoParam", "DemoParam.csproj", "{A0E59817-FE61-4C20-BC2D-5053182C2C2A}"
EndProject
Global
	GlobalSection(SolutionConfigurationPlatforms) = preSolution
		Debug|Any CPU = Debug|Any CPU
		Release|Any CPU = Release|Any CPU
	EndGlobalSection
	GlobalSection(ProjectConfigurationPlatforms) = postSolution
		{A0E59817-FE61-4C20-BC2D-5053182C2C2A}.Debug|Any CPU.ActiveCfg = Debug|Any CPU
		{A0E59817-FE61-4C20-BC2D-5053182C2C2A}.Debug|Any CPU.Build.0 = Debug|Any CPU
		{A0E59817-FE61-4C20-BC2D-5053182C2C2A}.Release|Any CPU.ActiveCfg = Release|Any CPU
		{A0E59817-FE61-4C20-BC2D-5053182C2C2A}.Release|Any CPU.Build.0 = Release|Any CPU
	EndGlobalSection
	GlobalSection(SolutionProperties) = preSolution
		HideSolutionNode = FALSE
	EndGlobalSection
	GlobalSection(ExtensibilityGlobals) = postSolution
		SolutionGuid = {52B2C325-993D-451C-88E8-F705AD7C6773}
	EndGlobalSection
EndGlobal
