
Microsoft Visual Studio Solution File, Format Version 12.00
# Visual Studio Version 16
VisualStudioVersion = 16.0.29613.14
MinimumVisualStudioVersion = 10.0.40219.1
Project("{FAE04EC0-301F-11D3-BF4B-00C04F79EFBC}") = "HandsOnIterativeStatements", "HandsOnIterativeStatements.csproj", "{32BF9C28-FD76-4A8F-AE3C-EE363BC373ED}"
EndProject
Global
	GlobalSection(SolutionConfigurationPlatforms) = preSolution
		Debug|Any CPU = Debug|Any CPU
		Release|Any CPU = Release|Any CPU
	EndGlobalSection
	GlobalSection(ProjectConfigurationPlatforms) = postSolution
		{32BF9C28-FD76-4A8F-AE3C-EE363BC373ED}.Debug|Any CPU.ActiveCfg = Debug|Any CPU
		{32BF9C28-FD76-4A8F-AE3C-EE363BC373ED}.Debug|Any CPU.Build.0 = Debug|Any CPU
		{32BF9C28-FD76-4A8F-AE3C-EE363BC373ED}.Release|Any CPU.ActiveCfg = Release|Any CPU
		{32BF9C28-FD76-4A8F-AE3C-EE363BC373ED}.Release|Any CPU.Build.0 = Release|Any CPU
	EndGlobalSection
	GlobalSection(SolutionProperties) = preSolution
		HideSolutionNode = FALSE
	EndGlobalSection
	GlobalSection(ExtensibilityGlobals) = postSolution
		SolutionGuid = {517FF807-D427-4CA7-9A5F-5E9D35D4F76D}
	EndGlobalSection
EndGlobal
