
Microsoft Visual Studio Solution File, Format Version 12.00
# Visual Studio Version 16
VisualStudioVersion = 16.0.29613.14
MinimumVisualStudioVersion = 10.0.40219.1
Project("{FAE04EC0-301F-11D3-BF4B-00C04F79EFBC}") = "HandsOnParse", "HandsOnParse.csproj", "{47B3859B-74C8-40B1-B781-471EBB3038E6}"
EndProject
Global
	GlobalSection(SolutionConfigurationPlatforms) = preSolution
		Debug|Any CPU = Debug|Any CPU
		Release|Any CPU = Release|Any CPU
	EndGlobalSection
	GlobalSection(ProjectConfigurationPlatforms) = postSolution
		{47B3859B-74C8-40B1-B781-471EBB3038E6}.Debug|Any CPU.ActiveCfg = Debug|Any CPU
		{47B3859B-74C8-40B1-B781-471EBB3038E6}.Debug|Any CPU.Build.0 = Debug|Any CPU
		{47B3859B-74C8-40B1-B781-471EBB3038E6}.Release|Any CPU.ActiveCfg = Release|Any CPU
		{47B3859B-74C8-40B1-B781-471EBB3038E6}.Release|Any CPU.Build.0 = Release|Any CPU
	EndGlobalSection
	GlobalSection(SolutionProperties) = preSolution
		HideSolutionNode = FALSE
	EndGlobalSection
	GlobalSection(ExtensibilityGlobals) = postSolution
		SolutionGuid = {5B84B0BF-BC88-47DD-9A25-0593E7D42AAA}
	EndGlobalSection
EndGlobal
