
Microsoft Visual Studio Solution File, Format Version 12.00
# Visual Studio Version 16
VisualStudioVersion = 16.0.29613.14
MinimumVisualStudioVersion = 10.0.40219.1
Project("{FAE04EC0-301F-11D3-BF4B-00C04F79EFBC}") = "DeliveryDetails", "DeliveryDetails.csproj", "{CDB8AA38-47EF-43E5-9397-7065CCE8C33D}"
EndProject
Global
	GlobalSection(SolutionConfigurationPlatforms) = preSolution
		Debug|Any CPU = Debug|Any CPU
		Release|Any CPU = Release|Any CPU
	EndGlobalSection
	GlobalSection(ProjectConfigurationPlatforms) = postSolution
		{CDB8AA38-47EF-43E5-9397-7065CCE8C33D}.Debug|Any CPU.ActiveCfg = Debug|Any CPU
		{CDB8AA38-47EF-43E5-9397-7065CCE8C33D}.Debug|Any CPU.Build.0 = Debug|Any CPU
		{CDB8AA38-47EF-43E5-9397-7065CCE8C33D}.Release|Any CPU.ActiveCfg = Release|Any CPU
		{CDB8AA38-47EF-43E5-9397-7065CCE8C33D}.Release|Any CPU.Build.0 = Release|Any CPU
	EndGlobalSection
	GlobalSection(SolutionProperties) = preSolution
		HideSolutionNode = FALSE
	EndGlobalSection
	GlobalSection(ExtensibilityGlobals) = postSolution
		SolutionGuid = {3A25AC94-F69E-448D-ABDF-62ABD9DE3EC9}
	EndGlobalSection
EndGlobal
