
Microsoft Visual Studio Solution File, Format Version 12.00
# Visual Studio Version 16
VisualStudioVersion = 16.0.29613.14
MinimumVisualStudioVersion = 10.0.40219.1
Project("{FAE04EC0-301F-11D3-BF4B-00C04F79EFBC}") = "StudentDetails1", "StudentDetails1.csproj", "{54140028-90D8-4277-8374-8FE6581B851C}"
EndProject
Global
	GlobalSection(SolutionConfigurationPlatforms) = preSolution
		Debug|Any CPU = Debug|Any CPU
		Release|Any CPU = Release|Any CPU
	EndGlobalSection
	GlobalSection(ProjectConfigurationPlatforms) = postSolution
		{54140028-90D8-4277-8374-8FE6581B851C}.Debug|Any CPU.ActiveCfg = Debug|Any CPU
		{54140028-90D8-4277-8374-8FE6581B851C}.Debug|Any CPU.Build.0 = Debug|Any CPU
		{54140028-90D8-4277-8374-8FE6581B851C}.Release|Any CPU.ActiveCfg = Release|Any CPU
		{54140028-90D8-4277-8374-8FE6581B851C}.Release|Any CPU.Build.0 = Release|Any CPU
	EndGlobalSection
	GlobalSection(SolutionProperties) = preSolution
		HideSolutionNode = FALSE
	EndGlobalSection
	GlobalSection(ExtensibilityGlobals) = postSolution
		SolutionGuid = {30DD307A-ABE6-4C51-A9C0-2BCF432C0330}
	EndGlobalSection
EndGlobal
