
Microsoft Visual Studio Solution File, Format Version 12.00
# Visual Studio Version 16
VisualStudioVersion = 16.0.29613.14
MinimumVisualStudioVersion = 10.0.40219.1
Project("{FAE04EC0-301F-11D3-BF4B-00C04F79EFBC}") = "DemoFactory", "DemoFactory.csproj", "{A23A8828-6CAD-443C-8D18-55ACA4B26BEB}"
EndProject
Global
	GlobalSection(SolutionConfigurationPlatforms) = preSolution
		Debug|Any CPU = Debug|Any CPU
		Release|Any CPU = Release|Any CPU
	EndGlobalSection
	GlobalSection(ProjectConfigurationPlatforms) = postSolution
		{A23A8828-6CAD-443C-8D18-55ACA4B26BEB}.Debug|Any CPU.ActiveCfg = Debug|Any CPU
		{A23A8828-6CAD-443C-8D18-55ACA4B26BEB}.Debug|Any CPU.Build.0 = Debug|Any CPU
		{A23A8828-6CAD-443C-8D18-55ACA4B26BEB}.Release|Any CPU.ActiveCfg = Release|Any CPU
		{A23A8828-6CAD-443C-8D18-55ACA4B26BEB}.Release|Any CPU.Build.0 = Release|Any CPU
	EndGlobalSection
	GlobalSection(SolutionProperties) = preSolution
		HideSolutionNode = FALSE
	EndGlobalSection
	GlobalSection(ExtensibilityGlobals) = postSolution
		SolutionGuid = {245C8AC7-DCD5-4C19-9236-59268BBFB86B}
	EndGlobalSection
EndGlobal
